// !$*UTF8*$!
{
	archiveVersion = 1;
	classes = {
	};
	objectVersion = 56;
	objects = {

/* Begin PBXBuildFile section */
		AB533EB029DA76AA00E73DD4 /* AppDelegate.m in Sources */ = {isa = PBXBuildFile; fileRef = AB533EAF29DA76AA00E73DD4 /* AppDelegate.m */; };
		AB533EB629DA76AA00E73DD4 /* ViewController.m in Sources */ = {isa = PBXBuildFile; fileRef = AB533EB529DA76AA00E73DD4 /* ViewController.m */; };
		AB533EBB29DA76AC00E73DD4 /* Assets.xcassets in Resources */ = {isa = PBXBuildFile; fileRef = AB533EBA29DA76AC00E73DD4 /* Assets.xcassets */; };
		AB533EBE29DA76AC00E73DD4 /* LaunchScreen.storyboard in Resources */ = {isa = PBXBuildFile; fileRef = AB533EBC29DA76AC00E73DD4 /* LaunchScreen.storyboard */; };
		AB533EC129DA76AC00E73DD4 /* main.m in Sources */ = {isa = PBXBuildFile; fileRef = AB533EC029DA76AC00E73DD4 /* main.m */; };
		AB533EE529DA77E400E73DD4 /* Calculater.m in Sources */ = {isa = PBXBuildFile; fileRef = AB533EE429DA77E400E73DD4 /* Calculater.m */; };
/* End PBXBuildFile section */

/* Begin PBXContainerItemProxy section */
		AB533EC729DA76AD00E73DD4 /* PBXContainerItemProxy */ = {
			isa = PBXContainerItemProxy;
			containerPortal = AB533EA329DA76AA00E73DD4 /* Project object */;
			proxyType = 1;
			remoteGlobalIDString = AB533EAA29DA76AA00E73DD4;
			remoteInfo = "简易计算器（链式编程）";
		};
		AB533ED129DA76AD00E73DD4 /* PBXContainerItemProxy */ = {
			isa = PBXContainerItemProxy;
			containerPortal = AB533EA329DA76AA00E73DD4 /* Project object */;
			proxyType = 1;
			remoteGlobalIDString = AB533EAA29DA76AA00E73DD4;
			remoteInfo = "简易计算器（链式编程）";
		};
/* End PBXContainerItemProxy section */

/* Begin PBXFileReference section */
		AB533EAB29DA76AA00E73DD4 /* 简易计算器（链式编程）.app */ = {isa = PBXFileReference; explicitFileType = wrapper.application; includeInIndex = 0; path = "简易计算器（链式编程）.app"; sourceTree = BUILT_PRODUCTS_DIR; };
		AB533EAE29DA76AA00E73DD4 /* AppDelegate.h */ = {isa = PBXFileReference; lastKnownFileType = sourcecode.c.h; path = AppDelegate.h; sourceTree = "<group>"; };
		AB533EAF29DA76AA00E73DD4 /* AppDelegate.m */ = {isa = PBXFileReference; lastKnownFileType = sourcecode.c.objc; path = AppDelegate.m; sourceTree = "<group>"; };
		AB533EB429DA76AA00E73DD4 /* ViewController.h */ = {isa = PBXFileReference; lastKnownFileType = sourcecode.c.h; path = ViewController.h; sourceTree = "<group>"; };
		AB533EB529DA76AA00E73DD4 /* ViewController.m */ = {isa = PBXFileReference; lastKnownFileType = sourcecode.c.objc; path = ViewController.m; sourceTree = "<group>"; };
		AB533EBA29DA76AC00E73DD4 /* Assets.xcassets */ = {isa = PBXFileReference; lastKnownFileType = folder.assetcatalog; path = Assets.xcassets; sourceTree = "<group>"; };
		AB533EBD29DA76AC00E73DD4 /* Base */ = {isa = PBXFileReference; lastKnownFileType = file.storyboard; name = Base; path = Base.lproj/LaunchScreen.storyboard; sourceTree = "<group>"; };
		AB533EBF29DA76AC00E73DD4 /* Info.plist */ = {isa = PBXFileReference; lastKnownFileType = text.plist.xml; path = Info.plist; sourceTree = "<group>"; };
		AB533EC029DA76AC00E73DD4 /* main.m */ = {isa = PBXFileReference; lastKnownFileType = sourcecode.c.objc; path = main.m; sourceTree = "<group>"; };
		AB533EC629DA76AD00E73DD4 /* 简易计算器（链式编程）Tests.xctest */ = {isa = PBXFileReference; explicitFileType = wrapper.cfbundle; includeInIndex = 0; path = "简易计算器（链式编程）Tests.xctest"; sourceTree = BUILT_PRODUCTS_DIR; };
		AB533ED029DA76AD00E73DD4 /* 简易计算器（链式编程）UITests.xctest */ = {isa = PBXFileReference; explicitFileType = wrapper.cfbundle; includeInIndex = 0; path = "简易计算器（链式编程）UITests.xctest"; sourceTree = BUILT_PRODUCTS_DIR; };
		AB533EE329DA77E400E73DD4 /* Calculater.h */ = {isa = PBXFileReference; lastKnownFileType = sourcecode.c.h; path = Calculater.h; sourceTree = "<group>"; };
		AB533EE429DA77E400E73DD4 /* Calculater.m */ = {isa = PBXFileReference; lastKnownFileType = sourcecode.c.objc; path = Calculater.m; sourceTree = "<group>"; };
/* End PBXFileReference section */

/* Begin PBXFrameworksBuildPhase section */
		AB533EA829DA76AA00E73DD4 /* Frameworks */ = {
			isa = PBXFrameworksBuildPhase;
			buildActionMask = 2147483647;
			files = (
			);
			runOnlyForDeploymentPostprocessing = 0;
		};
		AB533EC329DA76AD00E73DD4 /* Frameworks */ = {
			isa = PBXFrameworksBuildPhase;
			buildActionMask = 2147483647;
			files = (
			);
			runOnlyForDeploymentPostprocessing = 0;
		};
		AB533ECD29DA76AD00E73DD4 /* Frameworks */ = {
			isa = PBXFrameworksBuildPhase;
			buildActionMask = 2147483647;
			files = (
			);
			runOnlyForDeploymentPostprocessing = 0;
		};
/* End PBXFrameworksBuildPhase section */

/* Begin PBXGroup section */
		AB533EA229DA76AA00E73DD4 = {
			isa = PBXGroup;
			children = (
				AB533EAD29DA76AA00E73DD4 /* 简易计算器（链式编程） */,
				AB533EAC29DA76AA00E73DD4 /* Products */,
			);
			sourceTree = "<group>";
		};
		AB533EAC29DA76AA00E73DD4 /* Products */ = {
			isa = PBXGroup;
			children = (
				AB533EAB29DA76AA00E73DD4 /* 简易计算器（链式编程）.app */,
				AB533EC629DA76AD00E73DD4 /* 简易计算器（链式编程）Tests.xctest */,
				AB533ED029DA76AD00E73DD4 /* 简易计算器（链式编程）UITests.xctest */,
			);
			name = Products;
			sourceTree = "<group>";
		};
		AB533EAD29DA76AA00E73DD4 /* 简易计算器（链式编程） */ = {
			isa = PBXGroup;
			children = (
				AB533EAE29DA76AA00E73DD4 /* AppDelegate.h */,
				AB533EAF29DA76AA00E73DD4 /* AppDelegate.m */,
				AB533EB429DA76AA00E73DD4 /* ViewController.h */,
				AB533EB529DA76AA00E73DD4 /* ViewController.m */,
				AB533EBA29DA76AC00E73DD4 /* Assets.xcassets */,
				AB533EBC29DA76AC00E73DD4 /* LaunchScreen.storyboard */,
				AB533EBF29DA76AC00E73DD4 /* Info.plist */,
				AB533EC029DA76AC00E73DD4 /* main.m */,
				AB533EE329DA77E400E73DD4 /* Calculater.h */,
				AB533EE429DA77E400E73DD4 /* Calculater.m */,
			);
			path = "简易计算器（链式编程）";
			sourceTree = "<group>";
		};
/* End PBXGroup section */

/* Begin PBXNativeTarget section */
		AB533EAA29DA76AA00E73DD4 /* 简易计算器（链式编程） */ = {
			isa = PBXNativeTarget;
			buildConfigurationList = AB533EDA29DA76AD00E73DD4 /* Build configuration list for PBXNativeTarget "简易计算器（链式编程）" */;
			buildPhases = (
				AB533EA729DA76AA00E73DD4 /* Sources */,
				AB533EA829DA76AA00E73DD4 /* Frameworks */,
				AB533EA929DA76AA00E73DD4 /* Resources */,
			);
			buildRules = (
			);
			dependencies = (
			);
			name = "简易计算器（链式编程）";
			productName = "简易计算器（链式编程）";
			productReference = AB533EAB29DA76AA00E73DD4 /* 简易计算器（链式编程）.app */;
			productType = "com.apple.product-type.application";
		};
		AB533EC529DA76AD00E73DD4 /* 简易计算器（链式编程）Tests */ = {
			isa = PBXNativeTarget;
			buildConfigurationList = AB533EDD29DA76AD00E73DD4 /* Build configuration list for PBXNativeTarget "简易计算器（链式编程）Tests" */;
			buildPhases = (
				AB533EC229DA76AD00E73DD4 /* Sources */,
				AB533EC329DA76AD00E73DD4 /* Frameworks */,
				AB533EC429DA76AD00E73DD4 /* Resources */,
			);
			buildRules = (
			);
			dependencies = (
				AB533EC829DA76AD00E73DD4 /* PBXTargetDependency */,
			);
			name = "简易计算器（链式编程）Tests";
			productName = "简易计算器（链式编程）Tests";
			productReference = AB533EC629DA76AD00E73DD4 /* 简易计算器（链式编程）Tests.xctest */;
			productType = "com.apple.product-type.bundle.unit-test";
		};
		AB533ECF29DA76AD00E73DD4 /* 简易计算器（链式编程）UITests */ = {
			isa = PBXNativeTarget;
			buildConfigurationList = AB533EE029DA76AD00E73DD4 /* Build configuration list for PBXNativeTarget "简易计算器（链式编程）UITests" */;
			buildPhases = (
				AB533ECC29DA76AD00E73DD4 /* Sources */,
				AB533ECD29DA76AD00E73DD4 /* Frameworks */,
				AB533ECE29DA76AD00E73DD4 /* Resources */,
			);
			buildRules = (
			);
			dependencies = (
				AB533ED229DA76AD00E73DD4 /* PBXTargetDependency */,
			);
			name = "简易计算器（链式编程）UITests";
			productName = "简易计算器（链式编程）UITests";
			productReference = AB533ED029DA76AD00E73DD4 /* 简易计算器（链式编程）UITests.xctest */;
			productType = "com.apple.product-type.bundle.ui-testing";
		};
/* End PBXNativeTarget section */

/* Begin PBXProject section */
		AB533EA329DA76AA00E73DD4 /* Project object */ = {
			isa = PBXProject;
			attributes = {
				BuildIndependentTargetsInParallel = 1;
				LastUpgradeCheck = 1420;
				TargetAttributes = {
					AB533EAA29DA76AA00E73DD4 = {
						CreatedOnToolsVersion = 14.2;
					};
					AB533EC529DA76AD00E73DD4 = {
						CreatedOnToolsVersion = 14.2;
						TestTargetID = AB533EAA29DA76AA00E73DD4;
					};
					AB533ECF29DA76AD00E73DD4 = {
						CreatedOnToolsVersion = 14.2;
						TestTargetID = AB533EAA29DA76AA00E73DD4;
					};
				};
			};
			buildConfigurationList = AB533EA629DA76AA00E73DD4 /* Build configuration list for PBXProject "简易计算器（链式编程）" */;
			compatibilityVersion = "Xcode 14.0";
			developmentRegion = en;
			hasScannedForEncodings = 0;
			knownRegions = (
				en,
				Base,
			);
			mainGroup = AB533EA229DA76AA00E73DD4;
			productRefGroup = AB533EAC29DA76AA00E73DD4 /* Products */;
			projectDirPath = "";
			projectRoot = "";
			targets = (
				AB533EAA29DA76AA00E73DD4 /* 简易计算器（链式编程） */,
				AB533EC529DA76AD00E73DD4 /* 简易计算器（链式编程）Tests */,
				AB533ECF29DA76AD00E73DD4 /* 简易计算器（链式编程）UITests */,
			);
		};
/* End PBXProject section */

/* Begin PBXResourcesBuildPhase section */
		AB533EA929DA76AA00E73DD4 /* Resources */ = {
			isa = PBXResourcesBuildPhase;
			buildActionMask = 2147483647;
			files = (
				AB533EBE29DA76AC00E73DD4 /* LaunchScreen.storyboard in Resources */,
				AB533EBB29DA76AC00E73DD4 /* Assets.xcassets in Resources */,
			);
			runOnlyForDeploymentPostprocessing = 0;
		};
		AB533EC429DA76AD00E73DD4 /* Resources */ = {
			isa = PBXResourcesBuildPhase;
			buildActionMask = 2147483647;
			files = (
			);
			runOnlyForDeploymentPostprocessing = 0;
		};
		AB533ECE29DA76AD00E73DD4 /* Resources */ = {
			isa = PBXResourcesBuildPhase;
			buildActionMask = 2147483647;
			files = (
			);
			runOnlyForDeploymentPostprocessing = 0;
		};
/* End PBXResourcesBuildPhase section */

/* Begin PBXSourcesBuildPhase section */
		AB533EA729DA76AA00E73DD4 /* Sources */ = {
			isa = PBXSourcesBuildPhase;
			buildActionMask = 2147483647;
			files = (
				AB533EB629DA76AA00E73DD4 /* ViewController.m in Sources */,
				AB533EB029DA76AA00E73DD4 /* AppDelegate.m in Sources */,
				AB533EC129DA76AC00E73DD4 /* main.m in Sources */,
				AB533EE529DA77E400E73DD4 /* Calculater.m in Sources */,
			);
			runOnlyForDeploymentPostprocessing = 0;
		};
		AB533EC229DA76AD00E73DD4 /* Sources */ = {
			isa = PBXSourcesBuildPhase;
			buildActionMask = 2147483647;
			files = (
			);
			runOnlyForDeploymentPostprocessing = 0;
		};
		AB533ECC29DA76AD00E73DD4 /* Sources */ = {
			isa = PBXSourcesBuildPhase;
			buildActionMask = 2147483647;
			files = (
			);
			runOnlyForDeploymentPostprocessing = 0;
		};
/* End PBXSourcesBuildPhase section */

/* Begin PBXTargetDependency section */
		AB533EC829DA76AD00E73DD4 /* PBXTargetDependency */ = {
			isa = PBXTargetDependency;
			target = AB533EAA29DA76AA00E73DD4 /* 简易计算器（链式编程） */;
			targetProxy = AB533EC729DA76AD00E73DD4 /* PBXContainerItemProxy */;
		};
		AB533ED229DA76AD00E73DD4 /* PBXTargetDependency */ = {
			isa = PBXTargetDependency;
			target = AB533EAA29DA76AA00E73DD4 /* 简易计算器（链式编程） */;
			targetProxy = AB533ED129DA76AD00E73DD4 /* PBXContainerItemProxy */;
		};
/* End PBXTargetDependency section */

/* Begin PBXVariantGroup section */
		AB533EBC29DA76AC00E73DD4 /* LaunchScreen.storyboard */ = {
			isa = PBXVariantGroup;
			children = (
				AB533EBD29DA76AC00E73DD4 /* Base */,
			);
			name = LaunchScreen.storyboard;
			sourceTree = "<group>";
		};
/* End PBXVariantGroup section */

/* Begin XCBuildConfiguration section */
		AB533ED829DA76AD00E73DD4 /* Debug */ = {
			isa = XCBuildConfiguration;
			buildSettings = {
				ALWAYS_SEARCH_USER_PATHS = NO;
				CLANG_ANALYZER_NONNULL = YES;
				CLANG_ANALYZER_NUMBER_OBJECT_CONVERSION = YES_AGGRESSIVE;
				CLANG_CXX_LANGUAGE_STANDARD = "gnu++20";
				CLANG_ENABLE_MODULES = YES;
				CLANG_ENABLE_OBJC_ARC = YES;
				CLANG_ENABLE_OBJC_WEAK = YES;
				CLANG_WARN_BLOCK_CAPTURE_AUTORELEASING = YES;
				CLANG_WARN_BOOL_CONVERSION = YES;
				CLANG_WARN_COMMA = YES;
				CLANG_WARN_CONSTANT_CONVERSION = YES;
				CLANG_WARN_DEPRECATED_OBJC_IMPLEMENTATIONS = YES;
				CLANG_WARN_DIRECT_OBJC_ISA_USAGE = YES_ERROR;
				CLANG_WARN_DOCUMENTATION_COMMENTS = YES;
				CLANG_WARN_EMPTY_BODY = YES;
				CLANG_WARN_ENUM_CONVERSION = YES;
				CLANG_WARN_INFINITE_RECURSION = YES;
				CLANG_WARN_INT_CONVERSION = YES;
				CLANG_WARN_NON_LITERAL_NULL_CONVERSION = YES;
				CLANG_WARN_OBJC_IMPLICIT_RETAIN_SELF = YES;
				CLANG_WARN_OBJC_LITERAL_CONVERSION = YES;
				CLANG_WARN_OBJC_ROOT_CLASS = YES_ERROR;
				CLANG_WARN_QUOTED_INCLUDE_IN_FRAMEWORK_HEADER = YES;
				CLANG_WARN_RANGE_LOOP_ANALYSIS = YES;
				CLANG_WARN_STRICT_PROTOTYPES = YES;
				CLANG_WARN_SUSPICIOUS_MOVE = YES;
				CLANG_WARN_UNGUARDED_AVAILABILITY = YES_AGGRESSIVE;
				CLANG_WARN_UNREACHABLE_CODE = YES;
				CLANG_WARN__DUPLICATE_METHOD_MATCH = YES;
				COPY_PHASE_STRIP = NO;
				DEBUG_INFORMATION_FORMAT = dwarf;
				ENABLE_STRICT_OBJC_MSGSEND = YES;
				ENABLE_TESTABILITY = YES;
				GCC_C_LANGUAGE_STANDARD = gnu11;
				GCC_DYNAMIC_NO_PIC = NO;
				GCC_NO_COMMON_BLOCKS = YES;
				GCC_OPTIMIZATION_LEVEL = 0;
				GCC_PREPROCESSOR_DEFINITIONS = (
					"DEBUG=1",
					"$(inherited)",
				);
				GCC_WARN_64_TO_32_BIT_CONVERSION = YES;
				GCC_WARN_ABOUT_RETURN_TYPE = YES_ERROR;
				GCC_WARN_UNDECLARED_SELECTOR = YES;
				GCC_WARN_UNINITIALIZED_AUTOS = YES_AGGRESSIVE;
				GCC_WARN_UNUSED_FUNCTION = YES;
				GCC_WARN_UNUSED_VARIABLE = YES;
				IPHONEOS_DEPLOYMENT_TARGET = 16.2;
				MTL_ENABLE_DEBUG_INFO = INCLUDE_SOURCE;
				MTL_FAST_MATH = YES;
				ONLY_ACTIVE_ARCH = YES;
				SDKROOT = iphoneos;
			};
			name = Debug;
		};
		AB533ED929DA76AD00E73DD4 /* Release */ = {
			isa = XCBuildConfiguration;
			buildSettings = {
				ALWAYS_SEARCH_USER_PATHS = NO;
				CLANG_ANALYZER_NONNULL = YES;
				CLANG_ANALYZER_NUMBER_OBJECT_CONVERSION = YES_AGGRESSIVE;
				CLANG_CXX_LANGUAGE_STANDARD = "gnu++20";
				CLANG_ENABLE_MODULES = YES;
				CLANG_ENABLE_OBJC_ARC = YES;
				CLANG_ENABLE_OBJC_WEAK = YES;
				CLANG_WARN_BLOCK_CAPTURE_AUTORELEASING = YES;
				CLANG_WARN_BOOL_CONVERSION = YES;
				CLANG_WARN_COMMA = YES;
				CLANG_WARN_CONSTANT_CONVERSION = YES;
				CLANG_WARN_DEPRECATED_OBJC_IMPLEMENTATIONS = YES;
				CLANG_WARN_DIRECT_OBJC_ISA_USAGE = YES_ERROR;
				CLANG_WARN_DOCUMENTATION_COMMENTS = YES;
				CLANG_WARN_EMPTY_BODY = YES;
				CLANG_WARN_ENUM_CONVERSION = YES;
				CLANG_WARN_INFINITE_RECURSION = YES;
				CLANG_WARN_INT_CONVERSION = YES;
				CLANG_WARN_NON_LITERAL_NULL_CONVERSION = YES;
				CLANG_WARN_OBJC_IMPLICIT_RETAIN_SELF = YES;
				CLANG_WARN_OBJC_LITERAL_CONVERSION = YES;
				CLANG_WARN_OBJC_ROOT_CLASS = YES_ERROR;
				CLANG_WARN_QUOTED_INCLUDE_IN_FRAMEWORK_HEADER = YES;
				CLANG_WARN_RANGE_LOOP_ANALYSIS = YES;
				CLANG_WARN_STRICT_PROTOTYPES = YES;
				CLANG_WARN_SUSPICIOUS_MOVE = YES;
				CLANG_WARN_UNGUARDED_AVAILABILITY = YES_AGGRESSIVE;
				CLANG_WARN_UNREACHABLE_CODE = YES;
				CLANG_WARN__DUPLICATE_METHOD_MATCH = YES;
				COPY_PHASE_STRIP = NO;
				DEBUG_INFORMATION_FORMAT = "dwarf-with-dsym";
				ENABLE_NS_ASSERTIONS = NO;
				ENABLE_STRICT_OBJC_MSGSEND = YES;
				GCC_C_LANGUAGE_STANDARD = gnu11;
				GCC_NO_COMMON_BLOCKS = YES;
				GCC_WARN_64_TO_32_BIT_CONVERSION = YES;
				GCC_WARN_ABOUT_RETURN_TYPE = YES_ERROR;
				GCC_WARN_UNDECLARED_SELECTOR = YES;
				GCC_WARN_UNINITIALIZED_AUTOS = YES_AGGRESSIVE;
				GCC_WARN_UNUSED_FUNCTION = YES;
				GCC_WARN_UNUSED_VARIABLE = YES;
				IPHONEOS_DEPLOYMENT_TARGET = 16.2;
				MTL_ENABLE_DEBUG_INFO = NO;
				MTL_FAST_MATH = YES;
				SDKROOT = iphoneos;
				VALIDATE_PRODUCT = YES;
			};
			name = Release;
		};
		AB533EDB29DA76AD00E73DD4 /* Debug */ = {
			isa = XCBuildConfiguration;
			buildSettings = {
				ASSETCATALOG_COMPILER_APPICON_NAME = AppIcon;
				ASSETCATALOG_COMPILER_GLOBAL_ACCENT_COLOR_NAME = AccentColor;
				CODE_SIGN_STYLE = Automatic;
				CURRENT_PROJECT_VERSION = 1;
				DEVELOPMENT_TEAM = YGUX3LZ5M9;
				GENERATE_INFOPLIST_FILE = YES;
				INFOPLIST_FILE = "简易计算器（链式编程）/Info.plist";
				INFOPLIST_KEY_UIApplicationSupportsIndirectInputEvents = YES;
				INFOPLIST_KEY_UILaunchStoryboardName = LaunchScreen;
				INFOPLIST_KEY_UISupportedInterfaceOrientations_iPad = "UIInterfaceOrientationPortrait UIInterfaceOrientationPortraitUpsideDown UIInterfaceOrientationLandscapeLeft UIInterfaceOrientationLandscapeRight";
				INFOPLIST_KEY_UISupportedInterfaceOrientations_iPhone = "UIInterfaceOrientationPortrait UIInterfaceOrientationLandscapeLeft UIInterfaceOrientationLandscapeRight";
				LD_RUNPATH_SEARCH_PATHS = (
					"$(inherited)",
					"@executable_path/Frameworks",
				);
				MARKETING_VERSION = 1.0;
				PRODUCT_BUNDLE_IDENTIFIER = "com.liqingsong.-----------";
				PRODUCT_NAME = "$(TARGET_NAME)";
				SWIFT_EMIT_LOC_STRINGS = YES;
				TARGETED_DEVICE_FAMILY = "1,2";
			};
			name = Debug;
		};
		AB533EDC29DA76AD00E73DD4 /* Release */ = {
			isa = XCBuildConfiguration;
			buildSettings = {
				ASSETCATALOG_COMPILER_APPICON_NAME = AppIcon;
				ASSETCATALOG_COMPILER_GLOBAL_ACCENT_COLOR_NAME = AccentColor;
				CODE_SIGN_STYLE = Automatic;
				CURRENT_PROJECT_VERSION = 1;
				DEVELOPMENT_TEAM = YGUX3LZ5M9;
				GENERATE_INFOPLIST_FILE = YES;
				INFOPLIST_FILE = "简易计算器（链式编程）/Info.plist";
				INFOPLIST_KEY_UIApplicationSupportsIndirectInputEvents = YES;
				INFOPLIST_KEY_UILaunchStoryboardName = LaunchScreen;
				INFOPLIST_KEY_UISupportedInterfaceOrientations_iPad = "UIInterfaceOrientationPortrait UIInterfaceOrientationPortraitUpsideDown UIInterfaceOrientationLandscapeLeft UIInterfaceOrientationLandscapeRight";
				INFOPLIST_KEY_UISupportedInterfaceOrientations_iPhone = "UIInterfaceOrientationPortrait UIInterfaceOrientationLandscapeLeft UIInterfaceOrientationLandscapeRight";
				LD_RUNPATH_SEARCH_PATHS = (
					"$(inherited)",
					"@executable_path/Frameworks",
				);
				MARKETING_VERSION = 1.0;
				PRODUCT_BUNDLE_IDENTIFIER = "com.liqingsong.-----------";
				PRODUCT_NAME = "$(TARGET_NAME)";
				SWIFT_EMIT_LOC_STRINGS = YES;
				TARGETED_DEVICE_FAMILY = "1,2";
			};
			name = Release;
		};
		AB533EDE29DA76AD00E73DD4 /* Debug */ = {
			isa = XCBuildConfiguration;
			buildSettings = {
				BUNDLE_LOADER = "$(TEST_HOST)";
				CODE_SIGN_STYLE = Automatic;
				CURRENT_PROJECT_VERSION = 1;
				DEVELOPMENT_TEAM = YGUX3LZ5M9;
				GENERATE_INFOPLIST_FILE = YES;
				IPHONEOS_DEPLOYMENT_TARGET = 16.2;
				MARKETING_VERSION = 1.0;
				PRODUCT_BUNDLE_IDENTIFIER = "com.liqingsong.-----------Tests";
				PRODUCT_NAME = "$(TARGET_NAME)";
				SWIFT_EMIT_LOC_STRINGS = NO;
				TARGETED_DEVICE_FAMILY = "1,2";
				TEST_HOST = "$(BUILT_PRODUCTS_DIR)/简易计算器（链式编程）.app/$(BUNDLE_EXECUTABLE_FOLDER_PATH)/简易计算器（链式编程）";
			};
			name = Debug;
		};
		AB533EDF29DA76AD00E73DD4 /* Release */ = {
			isa = XCBuildConfiguration;
			buildSettings = {
				BUNDLE_LOADER = "$(TEST_HOST)";
				CODE_SIGN_STYLE = Automatic;
				CURRENT_PROJECT_VERSION = 1;
				DEVELOPMENT_TEAM = YGUX3LZ5M9;
				GENERATE_INFOPLIST_FILE = YES;
				IPHONEOS_DEPLOYMENT_TARGET = 16.2;
				MARKETING_VERSION = 1.0;
				PRODUCT_BUNDLE_IDENTIFIER = "com.liqingsong.-----------Tests";
				PRODUCT_NAME = "$(TARGET_NAME)";
				SWIFT_EMIT_LOC_STRINGS = NO;
				TARGETED_DEVICE_FAMILY = "1,2";
				TEST_HOST = "$(BUILT_PRODUCTS_DIR)/简易计算器（链式编程）.app/$(BUNDLE_EXECUTABLE_FOLDER_PATH)/简易计算器（链式编程）";
			};
			name = Release;
		};
		AB533EE129DA76AD00E73DD4 /* Debug */ = {
			isa = XCBuildConfiguration;
			buildSettings = {
				CODE_SIGN_STYLE = Automatic;
				CURRENT_PROJECT_VERSION = 1;
				DEVELOPMENT_TEAM = YGUX3LZ5M9;
				GENERATE_INFOPLIST_FILE = YES;
				MARKETING_VERSION = 1.0;
				PRODUCT_BUNDLE_IDENTIFIER = "com.liqingsong.-----------UITests";
				PRODUCT_NAME = "$(TARGET_NAME)";
				SWIFT_EMIT_LOC_STRINGS = NO;
				TARGETED_DEVICE_FAMILY = "1,2";
				TEST_TARGET_NAME = "简易计算器（链式编程）";
			};
			name = Debug;
		};
		AB533EE229DA76AD00E73DD4 /* Release */ = {
			isa = XCBuildConfiguration;
			buildSettings = {
				CODE_SIGN_STYLE = Automatic;
				CURRENT_PROJECT_VERSION = 1;
				DEVELOPMENT_TEAM = YGUX3LZ5M9;
				GENERATE_INFOPLIST_FILE = YES;
				MARKETING_VERSION = 1.0;
				PRODUCT_BUNDLE_IDENTIFIER = "com.liqingsong.-----------UITests";
				PRODUCT_NAME = "$(TARGET_NAME)";
				SWIFT_EMIT_LOC_STRINGS = NO;
				TARGETED_DEVICE_FAMILY = "1,2";
				TEST_TARGET_NAME = "简易计算器（链式编程）";
			};
			name = Release;
		};
/* End XCBuildConfiguration section */

/* Begin XCConfigurationList section */
		AB533EA629DA76AA00E73DD4 /* Build configuration list for PBXProject "简易计算器（链式编程）" */ = {
			isa = XCConfigurationList;
			buildConfigurations = (
				AB533ED829DA76AD00E73DD4 /* Debug */,
				AB533ED929DA76AD00E73DD4 /* Release */,
			);
			defaultConfigurationIsVisible = 0;
			defaultConfigurationName = Release;
		};
		AB533EDA29DA76AD00E73DD4 /* Build configuration list for PBXNativeTarget "简易计算器（链式编程）" */ = {
			isa = XCConfigurationList;
			buildConfigurations = (
				AB533EDB29DA76AD00E73DD4 /* Debug */,
				AB533EDC29DA76AD00E73DD4 /* Release */,
			);
			defaultConfigurationIsVisible = 0;
			defaultConfigurationName = Release;
		};
		AB533EDD29DA76AD00E73DD4 /* Build configuration list for PBXNativeTarget "简易计算器（链式编程）Tests" */ = {
			isa = XCConfigurationList;
			buildConfigurations = (
				AB533EDE29DA76AD00E73DD4 /* Debug */,
				AB533EDF29DA76AD00E73DD4 /* Release */,
			);
			defaultConfigurationIsVisible = 0;
			defaultConfigurationName = Release;
		};
		AB533EE029DA76AD00E73DD4 /* Build configuration list for PBXNativeTarget "简易计算器（链式编程）UITests" */ = {
			isa = XCConfigurationList;
			buildConfigurations = (
				AB533EE129DA76AD00E73DD4 /* Debug */,
				AB533EE229DA76AD00E73DD4 /* Release */,
			);
			defaultConfigurationIsVisible = 0;
			defaultConfigurationName = Release;
		};
/* End XCConfigurationList section */
	};
	rootObject = AB533EA329DA76AA00E73DD4 /* Project object */;
}
